
Microsoft Visual Studio Solution File, Format Version 12.00
# Visual Studio Version 16
VisualStudioVersion = 16.0.30804.86
MinimumVisualStudioVersion = 10.0.40219.1
Project("{FAE04EC0-301F-11D3-BF4B-00C04F79EFBC}") = "WorldOfUzers.UI", "WorldOfUzers.UI\WorldOfUzers.UI.csproj", "{EA1F8478-ECE6-4B6B-9C27-E198FAE4C536}"
EndProject
Global
	GlobalSection(SolutionConfigurationPlatforms) = preSolution
		Debug|Any CPU = Debug|Any CPU
		Release|Any CPU = Release|Any CPU
	EndGlobalSection
	GlobalSection(ProjectConfigurationPlatforms) = postSolution
		{EA1F8478-ECE6-4B6B-9C27-E198FAE4C536}.Debug|Any CPU.ActiveCfg = Debug|Any CPU
		{EA1F8478-ECE6-4B6B-9C27-E198FAE4C536}.Debug|Any CPU.Build.0 = Debug|Any CPU
		{EA1F8478-ECE6-4B6B-9C27-E198FAE4C536}.Release|Any CPU.ActiveCfg = Release|Any CPU
		{EA1F8478-ECE6-4B6B-9C27-E198FAE4C536}.Release|Any CPU.Build.0 = Release|Any CPU
	EndGlobalSection
	GlobalSection(SolutionProperties) = preSolution
		HideSolutionNode = FALSE
	EndGlobalSection
	GlobalSection(ExtensibilityGlobals) = postSolution
		SolutionGuid = {DDEC3438-4A64-469C-8356-912FEE1E5B8B}
	EndGlobalSection
EndGlobal
